
Microsoft Visual Studio Solution File, Format Version 12.00
# Visual Studio Version 17
VisualStudioVersion = 17.8.34330.188
MinimumVisualStudioVersion = 10.0.40219.1
Project("{FAE04EC0-301F-11D3-BF4B-00C04F79EFBC}") = "ONTI_2023", "ONTI_2023\ONTI_2023.csproj", "{C81219B4-D583-40ED-BB08-EE64EFD37BBD}"
EndProject
Global
	GlobalSection(SolutionConfigurationPlatforms) = preSolution
		Debug|Any CPU = Debug|Any CPU
		Release|Any CPU = Release|Any CPU
	EndGlobalSection
	GlobalSection(ProjectConfigurationPlatforms) = postSolution
		{C81219B4-D583-40ED-BB08-EE64EFD37BBD}.Debug|Any CPU.ActiveCfg = Debug|Any CPU
		{C81219B4-D583-40ED-BB08-EE64EFD37BBD}.Debug|Any CPU.Build.0 = Debug|Any CPU
		{C81219B4-D583-40ED-BB08-EE64EFD37BBD}.Release|Any CPU.ActiveCfg = Release|Any CPU
		{C81219B4-D583-40ED-BB08-EE64EFD37BBD}.Release|Any CPU.Build.0 = Release|Any CPU
	EndGlobalSection
	GlobalSection(SolutionProperties) = preSolution
		HideSolutionNode = FALSE
	EndGlobalSection
	GlobalSection(ExtensibilityGlobals) = postSolution
		SolutionGuid = {DD0EBC7C-C35A-4E31-8342-5213204C7E18}
	EndGlobalSection
EndGlobal
